version = 1
revision = 1
requires-python = ">=3.13"

[[package]]
name = "anyio"
version = "4.9.0"
source = { registry = "https://pypi.org/simple" }
dependencies = [
    { name = "idna" },
    { name = "sniffio" },
]
sdist = { url = "https://files.pythonhosted.org/packages/95/7d/4c1bd541d4dffa1b52bd83fb8527089e097a106fc90b467a7313b105f840/anyio-4.9.0.tar.gz", hash = "sha256:673c0c244e15788651a4ff38710fea9675823028a6f08a5eda409e0c9840a028", size = 190949 }
wheels = [
    { url = "https://files.pythonhosted.org/packages/a1/ee/48ca1a7c89ffec8b6a0c5d02b89c305671d5ffd8d3c94acf8b8c408575bb/anyio-4.9.0-py3-none-any.whl", hash = "sha256:9f76d541cad6e36af7beb62e978876f3b41e3e04f2c1fbf0884604c0a9c4d93c", size = 100916 },
]

[[package]]
name = "attrs"
version = "25.3.0"
source = { registry = "https://pypi.org/simple" }
sdist = { url = "https://files.pythonhosted.org/packages/5a/b0/1367933a8532ee6ff8d63537de4f1177af4bff9f3e829baf7331f595bb24/attrs-25.3.0.tar.gz", hash = "sha256:75d7cefc7fb576747b2c81b4442d4d4a1ce0900973527c011d1030fd3bf4af1b", size = 812032 }
wheels = [
    { url = "https://files.pythonhosted.org/packages/77/06/bb80f5f86020c4551da315d78b3ab75e8228f89f0162f2c3a819e407941a/attrs-25.3.0-py3-none-any.whl", hash = "sha256:427318ce031701fea540783410126f03899a97ffc6f61596ad581ac2e40e3bc3", size = 63815 },
]

[[package]]
name = "certifi"
version = "2025.1.31"
source = { registry = "https://pypi.org/simple" }
sdist = { url = "https://files.pythonhosted.org/packages/1c/ab/c9f1e32b7b1bf505bf26f0ef697775960db7932abeb7b516de930ba2705f/certifi-2025.1.31.tar.gz", hash = "sha256:3d5da6925056f6f18f119200434a4780a94263f10d1c21d032a6f6b2baa20651", size = 167577 }
wheels = [
    { url = "https://files.pythonhosted.org/packages/38/fc/bce832fd4fd99766c04d1ee0eead6b0ec6486fb100ae5e74c1d91292b982/certifi-2025.1.31-py3-none-any.whl", hash = "sha256:ca78db4565a652026a4db2bcdf68f2fb589ea80d0be70e03929ed730746b84fe", size = 166393 },
]

[[package]]
name = "cffi"
version = "1.17.1"
source = { registry = "https://pypi.org/simple" }
dependencies = [
    { name = "pycparser" },
]
sdist = { url = "https://files.pythonhosted.org/packages/fc/97/c783634659c2920c3fc70419e3af40972dbaf758daa229a7d6ea6135c90d/cffi-1.17.1.tar.gz", hash = "sha256:1c39c6016c32bc48dd54561950ebd6836e1670f2ae46128f67cf49e789c52824", size = 516621 }
wheels = [
    { url = "https://files.pythonhosted.org/packages/bf/ee/f94057fa6426481d663b88637a9a10e859e492c73d0384514a17d78ee205/cffi-1.17.1-cp313-cp313-win32.whl", hash = "sha256:e03eab0a8677fa80d646b5ddece1cbeaf556c313dcfac435ba11f107ba117b5d", size = 172475 },
    { url = "https://files.pythonhosted.org/packages/7c/fc/6a8cb64e5f0324877d503c854da15d76c1e50eb722e320b15345c4d0c6de/cffi-1.17.1-cp313-cp313-win_amd64.whl", hash = "sha256:f6a16c31041f09ead72d69f583767292f750d24913dadacf5756b966aacb3f1a", size = 182009 },
]

[[package]]
name = "codetanks-battlemaster"
version = "0.1.0"
source = { editable = "." }
dependencies = [
    { name = "dc-schema" },
    { name = "hypercorn" },
    { name = "lightkube" },
    { name = "pyaml" },
    { name = "pyyaml" },
    { name = "trio" },
    { name = "triotp" },
]

[package.metadata]
requires-dist = [
    { name = "dc-schema", specifier = ">=0.0.8" },
    { name = "hypercorn", specifier = ">=0.17.3" },
    { name = "lightkube", specifier = ">=0.17.1" },
    { name = "pyaml", specifier = ">=25.1.0" },
    { name = "pyyaml", specifier = ">=6.0.2" },
    { name = "trio", specifier = ">=0.29.0" },
    { name = "triotp", specifier = ">=0.3.0" },
]

[[package]]
name = "dc-schema"
version = "0.0.8"
source = { registry = "https://pypi.org/simple" }
sdist = { url = "https://files.pythonhosted.org/packages/b5/21/bdff5fc8ae03453b23e753a79ebfcfa7e44b9ff40e5a7d364e2456a997ad/dc_schema-0.0.8.tar.gz", hash = "sha256:89fed792c63b80a91d4fef723f9aefbca83952eb611fbc168ef8381bf62acbb5", size = 6398 }
wheels = [
    { url = "https://files.pythonhosted.org/packages/48/4c/69eb48bd94bbb9da06f5c019e951d3f07c14e1f3cec7fbf950f1d2536728/dc_schema-0.0.8-py3-none-any.whl", hash = "sha256:c5990a2ce8fa22ccf18789b11db2440eeddcd36727cd7d3b6c802366d92ef17a", size = 6074 },
]

[[package]]
name = "h11"
version = "0.14.0"
source = { registry = "https://pypi.org/simple" }
sdist = { url = "https://files.pythonhosted.org/packages/f5/38/3af3d3633a34a3316095b39c8e8fb4853a28a536e55d347bd8d8e9a14b03/h11-0.14.0.tar.gz", hash = "sha256:8f19fbbe99e72420ff35c00b27a34cb9937e902a8b810e2c88300c6f0a3b699d", size = 100418 }
wheels = [
    { url = "https://files.pythonhosted.org/packages/95/04/ff642e65ad6b90db43e668d70ffb6736436c7ce41fcc549f4e9472234127/h11-0.14.0-py3-none-any.whl", hash = "sha256:e3fe4ac4b851c468cc8363d500db52c2ead036020723024a109d37346efaa761", size = 58259 },
]

[[package]]
name = "h2"
version = "4.2.0"
source = { registry = "https://pypi.org/simple" }
dependencies = [
    { name = "hpack" },
    { name = "hyperframe" },
]
sdist = { url = "https://files.pythonhosted.org/packages/1b/38/d7f80fd13e6582fb8e0df8c9a653dcc02b03ca34f4d72f34869298c5baf8/h2-4.2.0.tar.gz", hash = "sha256:c8a52129695e88b1a0578d8d2cc6842bbd79128ac685463b887ee278126ad01f", size = 2150682 }
wheels = [
    { url = "https://files.pythonhosted.org/packages/d0/9e/984486f2d0a0bd2b024bf4bc1c62688fcafa9e61991f041fb0e2def4a982/h2-4.2.0-py3-none-any.whl", hash = "sha256:479a53ad425bb29af087f3458a61d30780bc818e4ebcf01f0b536ba916462ed0", size = 60957 },
]

[[package]]
name = "hpack"
version = "4.1.0"
source = { registry = "https://pypi.org/simple" }
sdist = { url = "https://files.pythonhosted.org/packages/2c/48/71de9ed269fdae9c8057e5a4c0aa7402e8bb16f2c6e90b3aa53327b113f8/hpack-4.1.0.tar.gz", hash = "sha256:ec5eca154f7056aa06f196a557655c5b009b382873ac8d1e66e79e87535f1dca", size = 51276 }
wheels = [
    { url = "https://files.pythonhosted.org/packages/07/c6/80c95b1b2b94682a72cbdbfb85b81ae2daffa4291fbfa1b1464502ede10d/hpack-4.1.0-py3-none-any.whl", hash = "sha256:157ac792668d995c657d93111f46b4535ed114f0c9c8d672271bbec7eae1b496", size = 34357 },
]

[[package]]
name = "httpcore"
version = "1.0.7"
source = { registry = "https://pypi.org/simple" }
dependencies = [
    { name = "certifi" },
    { name = "h11" },
]
sdist = { url = "https://files.pythonhosted.org/packages/6a/41/d7d0a89eb493922c37d343b607bc1b5da7f5be7e383740b4753ad8943e90/httpcore-1.0.7.tar.gz", hash = "sha256:8551cb62a169ec7162ac7be8d4817d561f60e08eaa485234898414bb5a8a0b4c", size = 85196 }
wheels = [
    { url = "https://files.pythonhosted.org/packages/87/f5/72347bc88306acb359581ac4d52f23c0ef445b57157adedb9aee0cd689d2/httpcore-1.0.7-py3-none-any.whl", hash = "sha256:a3fff8f43dc260d5bd363d9f9cf1830fa3a458b332856f34282de498ed420edd", size = 78551 },
]

[[package]]
name = "httpx"
version = "0.28.1"
source = { registry = "https://pypi.org/simple" }
dependencies = [
    { name = "anyio" },
    { name = "certifi" },
    { name = "httpcore" },
    { name = "idna" },
]
sdist = { url = "https://files.pythonhosted.org/packages/b1/df/48c586a5fe32a0f01324ee087459e112ebb7224f646c0b5023f5e79e9956/httpx-0.28.1.tar.gz", hash = "sha256:75e98c5f16b0f35b567856f597f06ff2270a374470a5c2392242528e3e3e42fc", size = 141406 }
wheels = [
    { url = "https://files.pythonhosted.org/packages/2a/39/e50c7c3a983047577ee07d2a9e53faf5a69493943ec3f6a384bdc792deb2/httpx-0.28.1-py3-none-any.whl", hash = "sha256:d909fcccc110f8c7faf814ca82a9a4d816bc5a6dbfea25d6591d6985b8ba59ad", size = 73517 },
]

[[package]]
name = "hypercorn"
version = "0.17.3"
source = { registry = "https://pypi.org/simple" }
dependencies = [
    { name = "h11" },
    { name = "h2" },
    { name = "priority" },
    { name = "wsproto" },
]
sdist = { url = "https://files.pythonhosted.org/packages/7e/3a/df6c27642e0dcb7aff688ca4be982f0fb5d89f2afd3096dc75347c16140f/hypercorn-0.17.3.tar.gz", hash = "sha256:1b37802ee3ac52d2d85270700d565787ab16cf19e1462ccfa9f089ca17574165", size = 44409 }
wheels = [
    { url = "https://files.pythonhosted.org/packages/0e/3b/dfa13a8d96aa24e40ea74a975a9906cfdc2ab2f4e3b498862a57052f04eb/hypercorn-0.17.3-py3-none-any.whl", hash = "sha256:059215dec34537f9d40a69258d323f56344805efb462959e727152b0aa504547", size = 61742 },
]

[[package]]
name = "hyperframe"
version = "6.1.0"
source = { registry = "https://pypi.org/simple" }
sdist = { url = "https://files.pythonhosted.org/packages/02/e7/94f8232d4a74cc99514c13a9f995811485a6903d48e5d952771ef6322e30/hyperframe-6.1.0.tar.gz", hash = "sha256:f630908a00854a7adeabd6382b43923a4c4cd4b821fcb527e6ab9e15382a3b08", size = 26566 }
wheels = [
    { url = "https://files.pythonhosted.org/packages/48/30/47d0bf6072f7252e6521f3447ccfa40b421b6824517f82854703d0f5a98b/hyperframe-6.1.0-py3-none-any.whl", hash = "sha256:b03380493a519fce58ea5af42e4a42317bf9bd425596f7a0835ffce80f1a42e5", size = 13007 },
]

[[package]]
name = "idna"
version = "3.10"
source = { registry = "https://pypi.org/simple" }
sdist = { url = "https://files.pythonhosted.org/packages/f1/70/7703c29685631f5a7590aa73f1f1d3fa9a380e654b86af429e0934a32f7d/idna-3.10.tar.gz", hash = "sha256:12f65c9b470abda6dc35cf8e63cc574b1c52b11df2c86030af0ac09b01b13ea9", size = 190490 }
wheels = [
    { url = "https://files.pythonhosted.org/packages/76/c6/c88e154df9c4e1a2a66ccf0005a88dfb2650c1dffb6f5ce603dfbd452ce3/idna-3.10-py3-none-any.whl", hash = "sha256:946d195a0d259cbba61165e88e65941f16e9b36ea6ddb97f00452bae8b1287d3", size = 70442 },
]

[[package]]
name = "lightkube"
version = "0.17.1"
source = { registry = "https://pypi.org/simple" }
dependencies = [
    { name = "httpx" },
    { name = "lightkube-models" },
    { name = "pyyaml" },
]
sdist = { url = "https://files.pythonhosted.org/packages/40/94/6eedb8994986836e66f1ec9f2bd5bba4029e7658ec1179813e048a1cc7a1/lightkube-0.17.1.tar.gz", hash = "sha256:e0d6b71476a4fa7cbda7080da1f0943e43c7e747212db9f2ec7d87415bf8d23e", size = 45396 }
wheels = [
    { url = "https://files.pythonhosted.org/packages/be/17/65dad2fae368c4df32bc0327e056ade379e9297931df39a3236826c2bdcb/lightkube-0.17.1-py3-none-any.whl", hash = "sha256:3d046c2c46191b3745471763710ef4ed2df4259a7405f798b577df2ae390358a", size = 38869 },
]

[[package]]
name = "lightkube-models"
version = "1.32.0.8"
source = { registry = "https://pypi.org/simple" }
sdist = { url = "https://files.pythonhosted.org/packages/ba/cd/5c551bd34d43c66f725307f4d2b38b4a2074c0d5fb91b112c272ace88480/lightkube-models-1.32.0.8.tar.gz", hash = "sha256:97f6c2ab554a23a69554dd56ffbd94173fb416af6490c3a21b1e0b8e13a2bafe", size = 206023 }
wheels = [
    { url = "https://files.pythonhosted.org/packages/a2/da/752f0047e0c9e125fb0e994d69c6c41c2b92fe5484951805557b6708b8ad/lightkube_models-1.32.0.8-py3-none-any.whl", hash = "sha256:73786dac63085521f4c88aa69d86bfdc76a67da997c1770e5bdcef8482e4b2a0", size = 259968 },
]

[[package]]
name = "logbook"
version = "1.8.1"
source = { registry = "https://pypi.org/simple" }
sdist = { url = "https://files.pythonhosted.org/packages/79/d1/fb4f16b0eeadb557c1273807245df9dee0fc5f3b7f8aead83600085030c8/logbook-1.8.1.tar.gz", hash = "sha256:221e6f884f035fffd77935802ab47dc0a3aa7c833010cd7b51354649a7eb462d", size = 368031 }
wheels = [
    { url = "https://files.pythonhosted.org/packages/ec/95/6c0455383f400800c498a5d2993d4691b3b7a6066a8cfc5c5f6953064a4c/logbook-1.8.1-cp313-cp313-macosx_10_13_universal2.whl", hash = "sha256:d094397b624aa70656a8575230fd9b8373dd9c978dfc912691e5227cb3c804fc", size = 195645 },
    { url = "https://files.pythonhosted.org/packages/8c/2a/c328c7a27206ec1d9940120a9a476df5f488dfa9aa95c8a0474b8f3a2277/logbook-1.8.1-cp313-cp313-macosx_10_13_x86_64.whl", hash = "sha256:a4d30983ac1dce2f09d9acbf86ecf78696158148354162faff26c575b3a52ec7", size = 132123 },
    { url = "https://files.pythonhosted.org/packages/6e/f5/7c33fa19f04525fc6e287ef80b220c5bb3d3d62f6c40ce055c43c45be770/logbook-1.8.1-cp313-cp313-macosx_11_0_arm64.whl", hash = "sha256:a6c0d52293645aa46b2edfe7da8d61cf7839955d4ccf073c615972b55a44cefc", size = 127914 },
    { url = "https://files.pythonhosted.org/packages/fa/c2/0d65ade0c7962f87b28ac802dbd9ad2b58e2fdf10e14d3dd8279d436026d/logbook-1.8.1-cp313-cp313-manylinux_2_5_x86_64.manylinux1_x86_64.manylinux_2_17_x86_64.manylinux2014_x86_64.whl", hash = "sha256:95e7a7ba8610f0fd49e04e8cd2ac986d9e27cf1d232633d46563de1e0aeadacb", size = 515935 },
    { url = "https://files.pythonhosted.org/packages/51/c7/6f16628748a96cabdbe5825bf1fed4ec7e83ab2e730008561ed85ca079e2/logbook-1.8.1-cp313-cp313-musllinux_1_2_x86_64.whl", hash = "sha256:2ee8107845319fc0f974a86af8b029b555a1488616c979ba42245c18278178af", size = 512147 },
    { url = "https://files.pythonhosted.org/packages/b4/3a/e2ee5456154ad3bfc91c4bb25c8ea2f8c99ce6056e49176289d7f4ea1562/logbook-1.8.1-cp313-cp313-win32.whl", hash = "sha256:db7213329c72f85d78d3c806d30c31b4e76c9da72eea98be4f986f581fd18ed9", size = 116005 },
    { url = "https://files.pythonhosted.org/packages/19/22/aae1b4e6ba5aa27b368dd29870f92d1f0594277b33181aeddd8ccd895a2b/logbook-1.8.1-cp313-cp313-win_amd64.whl", hash = "sha256:084265d5ccf48c9259b49477bbf30913f405c2812b96f739d5feebea828cc275", size = 124448 },
]

[[package]]
name = "outcome"
version = "1.3.0.post0"
source = { registry = "https://pypi.org/simple" }
dependencies = [
    { name = "attrs" },
]
sdist = { url = "https://files.pythonhosted.org/packages/98/df/77698abfac98571e65ffeb0c1fba8ffd692ab8458d617a0eed7d9a8d38f2/outcome-1.3.0.post0.tar.gz", hash = "sha256:9dcf02e65f2971b80047b377468e72a268e15c0af3cf1238e6ff14f7f91143b8", size = 21060 }
wheels = [
    { url = "https://files.pythonhosted.org/packages/55/8b/5ab7257531a5d830fc8000c476e63c935488d74609b50f9384a643ec0a62/outcome-1.3.0.post0-py2.py3-none-any.whl", hash = "sha256:e771c5ce06d1415e356078d3bdd68523f284b4ce5419828922b6871e65eda82b", size = 10692 },
]

[[package]]
name = "priority"
version = "2.0.0"
source = { registry = "https://pypi.org/simple" }
sdist = { url = "https://files.pythonhosted.org/packages/f5/3c/eb7c35f4dcede96fca1842dac5f4f5d15511aa4b52f3a961219e68ae9204/priority-2.0.0.tar.gz", hash = "sha256:c965d54f1b8d0d0b19479db3924c7c36cf672dbf2aec92d43fbdaf4492ba18c0", size = 24792 }
wheels = [
    { url = "https://files.pythonhosted.org/packages/5e/5f/82c8074f7e84978129347c2c6ec8b6c59f3584ff1a20bc3c940a3e061790/priority-2.0.0-py3-none-any.whl", hash = "sha256:6f8eefce5f3ad59baf2c080a664037bb4725cd0a790d53d59ab4059288faf6aa", size = 8946 },
]

[[package]]
name = "pyaml"
version = "25.1.0"
source = { registry = "https://pypi.org/simple" }
dependencies = [
    { name = "pyyaml" },
]
sdist = { url = "https://files.pythonhosted.org/packages/f4/06/04b9c1907c13dc81729a9c6b4f42eab47baab7a8738ed5d2683eac215ad0/pyaml-25.1.0.tar.gz", hash = "sha256:33a93ac49218f57e020b81e280d2706cea554ac5a76445ac79add760d019c709", size = 29469 }
wheels = [
    { url = "https://files.pythonhosted.org/packages/69/c1/ec1930bc6c01754b8baf3c99420f340b920561f0060bccbf81809db354cc/pyaml-25.1.0-py3-none-any.whl", hash = "sha256:f7b40629d2dae88035657c860f539db3525ddd0120a11e0bcb44d47d5968b3bc", size = 26074 },
]

[[package]]
name = "pycparser"
version = "2.22"
source = { registry = "https://pypi.org/simple" }
sdist = { url = "https://files.pythonhosted.org/packages/1d/b2/31537cf4b1ca988837256c910a668b553fceb8f069bedc4b1c826024b52c/pycparser-2.22.tar.gz", hash = "sha256:491c8be9c040f5390f5bf44a5b07752bd07f56edf992381b05c701439eec10f6", size = 172736 }
wheels = [
    { url = "https://files.pythonhosted.org/packages/13/a3/a812df4e2dd5696d1f351d58b8fe16a405b234ad2886a0dab9183fb78109/pycparser-2.22-py3-none-any.whl", hash = "sha256:c3702b6d3dd8c7abc1afa565d7e63d53a1d0bd86cdc24edd75470f4de499cfcc", size = 117552 },
]

[[package]]
name = "pyyaml"
version = "6.0.2"
source = { registry = "https://pypi.org/simple" }
sdist = { url = "https://files.pythonhosted.org/packages/54/ed/79a089b6be93607fa5cdaedf301d7dfb23af5f25c398d5ead2525b063e17/pyyaml-6.0.2.tar.gz", hash = "sha256:d584d9ec91ad65861cc08d42e834324ef890a082e591037abe114850ff7bbc3e", size = 130631 }
wheels = [
    { url = "https://files.pythonhosted.org/packages/ef/e3/3af305b830494fa85d95f6d95ef7fa73f2ee1cc8ef5b495c7c3269fb835f/PyYAML-6.0.2-cp313-cp313-macosx_10_13_x86_64.whl", hash = "sha256:efdca5630322a10774e8e98e1af481aad470dd62c3170801852d752aa7a783ba", size = 181309 },
    { url = "https://files.pythonhosted.org/packages/45/9f/3b1c20a0b7a3200524eb0076cc027a970d320bd3a6592873c85c92a08731/PyYAML-6.0.2-cp313-cp313-macosx_11_0_arm64.whl", hash = "sha256:50187695423ffe49e2deacb8cd10510bc361faac997de9efef88badc3bb9e2d1", size = 171679 },
    { url = "https://files.pythonhosted.org/packages/7c/9a/337322f27005c33bcb656c655fa78325b730324c78620e8328ae28b64d0c/PyYAML-6.0.2-cp313-cp313-manylinux_2_17_aarch64.manylinux2014_aarch64.whl", hash = "sha256:0ffe8360bab4910ef1b9e87fb812d8bc0a308b0d0eef8c8f44e0254ab3b07133", size = 733428 },
    { url = "https://files.pythonhosted.org/packages/a3/69/864fbe19e6c18ea3cc196cbe5d392175b4cf3d5d0ac1403ec3f2d237ebb5/PyYAML-6.0.2-cp313-cp313-manylinux_2_17_s390x.manylinux2014_s390x.whl", hash = "sha256:17e311b6c678207928d649faa7cb0d7b4c26a0ba73d41e99c4fff6b6c3276484", size = 763361 },
    { url = "https://files.pythonhosted.org/packages/04/24/b7721e4845c2f162d26f50521b825fb061bc0a5afcf9a386840f23ea19fa/PyYAML-6.0.2-cp313-cp313-manylinux_2_17_x86_64.manylinux2014_x86_64.whl", hash = "sha256:70b189594dbe54f75ab3a1acec5f1e3faa7e8cf2f1e08d9b561cb41b845f69d5", size = 759523 },
    { url = "https://files.pythonhosted.org/packages/2b/b2/e3234f59ba06559c6ff63c4e10baea10e5e7df868092bf9ab40e5b9c56b6/PyYAML-6.0.2-cp313-cp313-musllinux_1_1_aarch64.whl", hash = "sha256:41e4e3953a79407c794916fa277a82531dd93aad34e29c2a514c2c0c5fe971cc", size = 726660 },
    { url = "https://files.pythonhosted.org/packages/fe/0f/25911a9f080464c59fab9027482f822b86bf0608957a5fcc6eaac85aa515/PyYAML-6.0.2-cp313-cp313-musllinux_1_1_x86_64.whl", hash = "sha256:68ccc6023a3400877818152ad9a1033e3db8625d899c72eacb5a668902e4d652", size = 751597 },
    { url = "https://files.pythonhosted.org/packages/14/0d/e2c3b43bbce3cf6bd97c840b46088a3031085179e596d4929729d8d68270/PyYAML-6.0.2-cp313-cp313-win32.whl", hash = "sha256:bc2fa7c6b47d6bc618dd7fb02ef6fdedb1090ec036abab80d4681424b84c1183", size = 140527 },
    { url = "https://files.pythonhosted.org/packages/fa/de/02b54f42487e3d3c6efb3f89428677074ca7bf43aae402517bc7cca949f3/PyYAML-6.0.2-cp313-cp313-win_amd64.whl", hash = "sha256:8388ee1976c416731879ac16da0aff3f63b286ffdd57cdeb95f3f2e085687563", size = 156446 },
]

[[package]]
name = "sniffio"
version = "1.3.1"
source = { registry = "https://pypi.org/simple" }
sdist = { url = "https://files.pythonhosted.org/packages/a2/87/a6771e1546d97e7e041b6ae58d80074f81b7d5121207425c964ddf5cfdbd/sniffio-1.3.1.tar.gz", hash = "sha256:f4324edc670a0f49750a81b895f35c3adb843cca46f0530f79fc1babb23789dc", size = 20372 }
wheels = [
    { url = "https://files.pythonhosted.org/packages/e9/44/75a9c9421471a6c4805dbf2356f7c181a29c1879239abab1ea2cc8f38b40/sniffio-1.3.1-py3-none-any.whl", hash = "sha256:2f6da418d1f1e0fddd844478f41680e794e6051915791a034ff65e5f100525a2", size = 10235 },
]

[[package]]
name = "sortedcontainers"
version = "2.4.0"
source = { registry = "https://pypi.org/simple" }
sdist = { url = "https://files.pythonhosted.org/packages/e8/c4/ba2f8066cceb6f23394729afe52f3bf7adec04bf9ed2c820b39e19299111/sortedcontainers-2.4.0.tar.gz", hash = "sha256:25caa5a06cc30b6b83d11423433f65d1f9d76c4c6a0c90e3379eaa43b9bfdb88", size = 30594 }
wheels = [
    { url = "https://files.pythonhosted.org/packages/32/46/9cb0e58b2deb7f82b84065f37f3bffeb12413f947f9388e4cac22c4621ce/sortedcontainers-2.4.0-py2.py3-none-any.whl", hash = "sha256:a163dcaede0f1c021485e957a39245190e74249897e2ae4b2aa38595db237ee0", size = 29575 },
]

[[package]]
name = "tenacity"
version = "9.0.0"
source = { registry = "https://pypi.org/simple" }
sdist = { url = "https://files.pythonhosted.org/packages/cd/94/91fccdb4b8110642462e653d5dcb27e7b674742ad68efd146367da7bdb10/tenacity-9.0.0.tar.gz", hash = "sha256:807f37ca97d62aa361264d497b0e31e92b8027044942bfa756160d908320d73b", size = 47421 }
wheels = [
    { url = "https://files.pythonhosted.org/packages/b6/cb/b86984bed139586d01532a587464b5805f12e397594f19f931c4c2fbfa61/tenacity-9.0.0-py3-none-any.whl", hash = "sha256:93de0c98785b27fcf659856aa9f54bfbd399e29969b0621bc7f762bd441b4539", size = 28169 },
]

[[package]]
name = "trio"
version = "0.29.0"
source = { registry = "https://pypi.org/simple" }
dependencies = [
    { name = "attrs" },
    { name = "cffi", marker = "implementation_name != 'pypy' and os_name == 'nt'" },
    { name = "idna" },
    { name = "outcome" },
    { name = "sniffio" },
    { name = "sortedcontainers" },
]
sdist = { url = "https://files.pythonhosted.org/packages/a1/47/f62e62a1a6f37909aed0bf8f5d5411e06fa03846cfcb64540cd1180ccc9f/trio-0.29.0.tar.gz", hash = "sha256:ea0d3967159fc130acb6939a0be0e558e364fee26b5deeecc893a6b08c361bdf", size = 588952 }
wheels = [
    { url = "https://files.pythonhosted.org/packages/c9/55/c4d9bea8b3d7937901958f65124123512419ab0eb73695e5f382521abbfb/trio-0.29.0-py3-none-any.whl", hash = "sha256:d8c463f1a9cc776ff63e331aba44c125f423a5a13c684307e828d930e625ba66", size = 492920 },
]

[[package]]
name = "triotp"
version = "0.3.1"
source = { registry = "https://pypi.org/simple" }
dependencies = [
    { name = "logbook" },
    { name = "tenacity" },
    { name = "trio" },
]
sdist = { url = "https://files.pythonhosted.org/packages/b9/f1/926398af2b05a97049dcacf2b5a97d5be05627f6c058916514938310a350/triotp-0.3.1.tar.gz", hash = "sha256:327d0c8ee5c5362b6e1b8d505ba31e7bcb53da2b0641a2caaf9d5402068ce500", size = 12011 }
wheels = [
    { url = "https://files.pythonhosted.org/packages/97/1e/bcb49498a97ae745e33262b835d9cd263779217cdf29a16e7c808b545881/triotp-0.3.1-py3-none-any.whl", hash = "sha256:33bfa954439fa74bd1bc5329fba0050f8a7db1697117f21267b4b0ae8645b329", size = 15828 },
]

[[package]]
name = "wsproto"
version = "1.2.0"
source = { registry = "https://pypi.org/simple" }
dependencies = [
    { name = "h11" },
]
sdist = { url = "https://files.pythonhosted.org/packages/c9/4a/44d3c295350d776427904d73c189e10aeae66d7f555bb2feee16d1e4ba5a/wsproto-1.2.0.tar.gz", hash = "sha256:ad565f26ecb92588a3e43bc3d96164de84cd9902482b130d0ddbaa9664a85065", size = 53425 }
wheels = [
    { url = "https://files.pythonhosted.org/packages/78/58/e860788190eba3bcce367f74d29c4675466ce8dddfba85f7827588416f01/wsproto-1.2.0-py3-none-any.whl", hash = "sha256:b9acddd652b585d75b20477888c56642fdade28bdfd3579aa24a4d2c037dd736", size = 24226 },
]
